// !$*UTF8*$!
{
	archiveVersion = 1;
	classes = {
	};
	objectVersion = 46;
	objects = {

/* Begin PBXBuildFile section */
		8F1F3F931F4C8E6D00035222 /* AppDelegate.swift in Sources */ = {isa = PBXBuildFile; fileRef = 8F1F3F921F4C8E6D00035222 /* AppDelegate.swift */; };
		8F1F3F951F4C8E6D00035222 /* ViewController.swift in Sources */ = {isa = PBXBuildFile; fileRef = 8F1F3F941F4C8E6D00035222 /* ViewController.swift */; };
		8F1F3F981F4C8E6D00035222 /* Main.storyboard in Resources */ = {isa = PBXBuildFile; fileRef = 8F1F3F961F4C8E6D00035222 /* Main.storyboard */; };
		8F1F3F9A1F4C8E6D00035222 /* Assets.xcassets in Resources */ = {isa = PBXBuildFile; fileRef = 8F1F3F991F4C8E6D00035222 /* Assets.xcassets */; };
		8F1F3F9D1F4C8E6D00035222 /* LaunchScreen.storyboard in Resources */ = {isa = PBXBuildFile; fileRef = 8F1F3F9B1F4C8E6D00035222 /* LaunchScreen.storyboard */; };
		8F1F3FA81F4C8E6D00035222 /* BlueMed_2_0Tests.swift in Sources */ = {isa = PBXBuildFile; fileRef = 8F1F3FA71F4C8E6D00035222 /* BlueMed_2_0Tests.swift */; };
		8F1F3FB31F4C8E6D00035222 /* BlueMed_2_0UITests.swift in Sources */ = {isa = PBXBuildFile; fileRef = 8F1F3FB21F4C8E6D00035222 /* BlueMed_2_0UITests.swift */; };
		8F1F3FCE1F4CC1F000035222 /* logotipo bluemed.png in Resources */ = {isa = PBXBuildFile; fileRef = 8F1F3FCD1F4CC1F000035222 /* logotipo bluemed.png */; };
		8F1F3FD01F4F59BC00035222 /* Splashscr33n.png in Resources */ = {isa = PBXBuildFile; fileRef = 8F1F3FCF1F4F59BC00035222 /* Splashscr33n.png */; };
/* End PBXBuildFile section */

/* Begin PBXContainerItemProxy section */
		8F1F3FA41F4C8E6D00035222 /* PBXContainerItemProxy */ = {
			isa = PBXContainerItemProxy;
			containerPortal = 8F1F3F871F4C8E6D00035222 /* Project object */;
			proxyType = 1;
			remoteGlobalIDString = 8F1F3F8E1F4C8E6D00035222;
			remoteInfo = BlueMed_2.0;
		};
		8F1F3FAF1F4C8E6D00035222 /* PBXContainerItemProxy */ = {
			isa = PBXContainerItemProxy;
			containerPortal = 8F1F3F871F4C8E6D00035222 /* Project object */;
			proxyType = 1;
			remoteGlobalIDString = 8F1F3F8E1F4C8E6D00035222;
			remoteInfo = BlueMed_2.0;
		};
/* End PBXContainerItemProxy section */

/* Begin PBXFileReference section */
		8F1F3F8F1F4C8E6D00035222 /* BlueMed.app */ = {isa = PBXFileReference; explicitFileType = wrapper.application; includeInIndex = 0; path = BlueMed.app; sourceTree = BUILT_PRODUCTS_DIR; };
		8F1F3F921F4C8E6D00035222 /* AppDelegate.swift */ = {isa = PBXFileReference; lastKnownFileType = sourcecode.swift; path = AppDelegate.swift; sourceTree = "<group>"; };
		8F1F3F941F4C8E6D00035222 /* ViewController.swift */ = {isa = PBXFileReference; lastKnownFileType = sourcecode.swift; path = ViewController.swift; sourceTree = "<group>"; };
		8F1F3F971F4C8E6D00035222 /* Base */ = {isa = PBXFileReference; lastKnownFileType = file.storyboard; name = Base; path = Base.lproj/Main.storyboard; sourceTree = "<group>"; };
		8F1F3F991F4C8E6D00035222 /* Assets.xcassets */ = {isa = PBXFileReference; lastKnownFileType = folder.assetcatalog; path = Assets.xcassets; sourceTree = "<group>"; };
		8F1F3F9C1F4C8E6D00035222 /* Base */ = {isa = PBXFileReference; lastKnownFileType = file.storyboard; name = Base; path = Base.lproj/LaunchScreen.storyboard; sourceTree = "<group>"; };
		8F1F3F9E1F4C8E6D00035222 /* Info.plist */ = {isa = PBXFileReference; lastKnownFileType = text.plist.xml; path = Info.plist; sourceTree = "<group>"; };
		8F1F3FA31F4C8E6D00035222 /* BlueMedTests.xctest */ = {isa = PBXFileReference; explicitFileType = wrapper.cfbundle; includeInIndex = 0; path = BlueMedTests.xctest; sourceTree = BUILT_PRODUCTS_DIR; };
		8F1F3FA71F4C8E6D00035222 /* BlueMed_2_0Tests.swift */ = {isa = PBXFileReference; lastKnownFileType = sourcecode.swift; path = BlueMed_2_0Tests.swift; sourceTree = "<group>"; };
		8F1F3FA91F4C8E6D00035222 /* Info.plist */ = {isa = PBXFileReference; lastKnownFileType = text.plist.xml; path = Info.plist; sourceTree = "<group>"; };
		8F1F3FAE1F4C8E6D00035222 /* BlueMedUITests.xctest */ = {isa = PBXFileReference; explicitFileType = wrapper.cfbundle; includeInIndex = 0; path = BlueMedUITests.xctest; sourceTree = BUILT_PRODUCTS_DIR; };
		8F1F3FB21F4C8E6D00035222 /* BlueMed_2_0UITests.swift */ = {isa = PBXFileReference; lastKnownFileType = sourcecode.swift; path = BlueMed_2_0UITests.swift; sourceTree = "<group>"; };
		8F1F3FB41F4C8E6D00035222 /* Info.plist */ = {isa = PBXFileReference; lastKnownFileType = text.plist.xml; path = Info.plist; sourceTree = "<group>"; };
		8F1F3FCD1F4CC1F000035222 /* logotipo bluemed.png */ = {isa = PBXFileReference; lastKnownFileType = image.png; path = "logotipo bluemed.png"; sourceTree = "<group>"; };
		8F1F3FCF1F4F59BC00035222 /* Splashscr33n.png */ = {isa = PBXFileReference; lastKnownFileType = image.png; path = Splashscr33n.png; sourceTree = "<group>"; };
/* End PBXFileReference section */

/* Begin PBXFrameworksBuildPhase section */
		8F1F3F8C1F4C8E6D00035222 /* Frameworks */ = {
			isa = PBXFrameworksBuildPhase;
			buildActionMask = 2147483647;
			files = (
			);
			runOnlyForDeploymentPostprocessing = 0;
		};
		8F1F3FA01F4C8E6D00035222 /* Frameworks */ = {
			isa = PBXFrameworksBuildPhase;
			buildActionMask = 2147483647;
			files = (
			);
			runOnlyForDeploymentPostprocessing = 0;
		};
		8F1F3FAB1F4C8E6D00035222 /* Frameworks */ = {
			isa = PBXFrameworksBuildPhase;
			buildActionMask = 2147483647;
			files = (
			);
			runOnlyForDeploymentPostprocessing = 0;
		};
/* End PBXFrameworksBuildPhase section */

/* Begin PBXGroup section */
		8F1F3F861F4C8E6D00035222 = {
			isa = PBXGroup;
			children = (
				8F1F3F911F4C8E6D00035222 /* BlueMed_2.0 */,
				8F1F3FA61F4C8E6D00035222 /* BlueMed_2.0Tests */,
				8F1F3FB11F4C8E6D00035222 /* BlueMed_2.0UITests */,
				8F1F3F901F4C8E6D00035222 /* Products */,
			);
			sourceTree = "<group>";
		};
		8F1F3F901F4C8E6D00035222 /* Products */ = {
			isa = PBXGroup;
			children = (
				8F1F3F8F1F4C8E6D00035222 /* BlueMed.app */,
				8F1F3FA31F4C8E6D00035222 /* BlueMedTests.xctest */,
				8F1F3FAE1F4C8E6D00035222 /* BlueMedUITests.xctest */,
			);
			name = Products;
			sourceTree = "<group>";
		};
		8F1F3F911F4C8E6D00035222 /* BlueMed_2.0 */ = {
			isa = PBXGroup;
			children = (
				8F1F3FCC1F4CBE9000035222 /* images */,
				8F1F3F921F4C8E6D00035222 /* AppDelegate.swift */,
				8F1F3F941F4C8E6D00035222 /* ViewController.swift */,
				8F1F3F961F4C8E6D00035222 /* Main.storyboard */,
				8F1F3F991F4C8E6D00035222 /* Assets.xcassets */,
				8F1F3F9B1F4C8E6D00035222 /* LaunchScreen.storyboard */,
				8F1F3F9E1F4C8E6D00035222 /* Info.plist */,
			);
			path = BlueMed_2.0;
			sourceTree = "<group>";
		};
		8F1F3FA61F4C8E6D00035222 /* BlueMed_2.0Tests */ = {
			isa = PBXGroup;
			children = (
				8F1F3FA71F4C8E6D00035222 /* BlueMed_2_0Tests.swift */,
				8F1F3FA91F4C8E6D00035222 /* Info.plist */,
			);
			path = BlueMed_2.0Tests;
			sourceTree = "<group>";
		};
		8F1F3FB11F4C8E6D00035222 /* BlueMed_2.0UITests */ = {
			isa = PBXGroup;
			children = (
				8F1F3FB21F4C8E6D00035222 /* BlueMed_2_0UITests.swift */,
				8F1F3FB41F4C8E6D00035222 /* Info.plist */,
			);
			path = BlueMed_2.0UITests;
			sourceTree = "<group>";
		};
		8F1F3FCC1F4CBE9000035222 /* images */ = {
			isa = PBXGroup;
			children = (
				8F1F3FCF1F4F59BC00035222 /* Splashscr33n.png */,
				8F1F3FCD1F4CC1F000035222 /* logotipo bluemed.png */,
			);
			name = images;
			sourceTree = "<group>";
		};
/* End PBXGroup section */

/* Begin PBXNativeTarget section */
		8F1F3F8E1F4C8E6D00035222 /* BlueMed */ = {
			isa = PBXNativeTarget;
			buildConfigurationList = 8F1F3FB71F4C8E6D00035222 /* Build configuration list for PBXNativeTarget "BlueMed" */;
			buildPhases = (
				8F1F3F8B1F4C8E6D00035222 /* Sources */,
				8F1F3F8C1F4C8E6D00035222 /* Frameworks */,
				8F1F3F8D1F4C8E6D00035222 /* Resources */,
			);
			buildRules = (
			);
			dependencies = (
			);
			name = BlueMed;
			productName = BlueMed_2.0;
			productReference = 8F1F3F8F1F4C8E6D00035222 /* BlueMed.app */;
			productType = "com.apple.product-type.application";
		};
		8F1F3FA21F4C8E6D00035222 /* BlueMedTests */ = {
			isa = PBXNativeTarget;
			buildConfigurationList = 8F1F3FBA1F4C8E6D00035222 /* Build configuration list for PBXNativeTarget "BlueMedTests" */;
			buildPhases = (
				8F1F3F9F1F4C8E6D00035222 /* Sources */,
				8F1F3FA01F4C8E6D00035222 /* Frameworks */,
				8F1F3FA11F4C8E6D00035222 /* Resources */,
			);
			buildRules = (
			);
			dependencies = (
				8F1F3FA51F4C8E6D00035222 /* PBXTargetDependency */,
			);
			name = BlueMedTests;
			productName = BlueMed_2.0Tests;
			productReference = 8F1F3FA31F4C8E6D00035222 /* BlueMedTests.xctest */;
			productType = "com.apple.product-type.bundle.unit-test";
		};
		8F1F3FAD1F4C8E6D00035222 /* BlueMedUITests */ = {
			isa = PBXNativeTarget;
			buildConfigurationList = 8F1F3FBD1F4C8E6D00035222 /* Build configuration list for PBXNativeTarget "BlueMedUITests" */;
			buildPhases = (
				8F1F3FAA1F4C8E6D00035222 /* Sources */,
				8F1F3FAB1F4C8E6D00035222 /* Frameworks */,
				8F1F3FAC1F4C8E6D00035222 /* Resources */,
			);
			buildRules = (
			);
			dependencies = (
				8F1F3FB01F4C8E6D00035222 /* PBXTargetDependency */,
			);
			name = BlueMedUITests;
			productName = BlueMed_2.0UITests;
			productReference = 8F1F3FAE1F4C8E6D00035222 /* BlueMedUITests.xctest */;
			productType = "com.apple.product-type.bundle.ui-testing";
		};
/* End PBXNativeTarget section */

/* Begin PBXProject section */
		8F1F3F871F4C8E6D00035222 /* Project object */ = {
			isa = PBXProject;
			attributes = {
				LastSwiftUpdateCheck = 0820;
				LastUpgradeCheck = 0820;
				ORGANIZATIONNAME = "Lucas OMG";
				TargetAttributes = {
					8F1F3F8E1F4C8E6D00035222 = {
						CreatedOnToolsVersion = 8.2.1;
						DevelopmentTeam = 45Z78R8HBU;
						ProvisioningStyle = Automatic;
					};
					8F1F3FA21F4C8E6D00035222 = {
						CreatedOnToolsVersion = 8.2.1;
						DevelopmentTeam = LR8P7Y8WAY;
						ProvisioningStyle = Automatic;
						TestTargetID = 8F1F3F8E1F4C8E6D00035222;
					};
					8F1F3FAD1F4C8E6D00035222 = {
						CreatedOnToolsVersion = 8.2.1;
						DevelopmentTeam = LR8P7Y8WAY;
						ProvisioningStyle = Automatic;
						TestTargetID = 8F1F3F8E1F4C8E6D00035222;
					};
				};
			};
			buildConfigurationList = 8F1F3F8A1F4C8E6D00035222 /* Build configuration list for PBXProject "BlueMed" */;
			compatibilityVersion = "Xcode 3.2";
			developmentRegion = English;
			hasScannedForEncodings = 0;
			knownRegions = (
				en,
				Base,
			);
			mainGroup = 8F1F3F861F4C8E6D00035222;
			productRefGroup = 8F1F3F901F4C8E6D00035222 /* Products */;
			projectDirPath = "";
			projectRoot = "";
			targets = (
				8F1F3F8E1F4C8E6D00035222 /* BlueMed */,
				8F1F3FA21F4C8E6D00035222 /* BlueMedTests */,
				8F1F3FAD1F4C8E6D00035222 /* BlueMedUITests */,
			);
		};
/* End PBXProject section */

/* Begin PBXResourcesBuildPhase section */
		8F1F3F8D1F4C8E6D00035222 /* Resources */ = {
			isa = PBXResourcesBuildPhase;
			buildActionMask = 2147483647;
			files = (
				8F1F3FCE1F4CC1F000035222 /* logotipo bluemed.png in Resources */,
				8F1F3FD01F4F59BC00035222 /* Splashscr33n.png in Resources */,
				8F1F3F9D1F4C8E6D00035222 /* LaunchScreen.storyboard in Resources */,
				8F1F3F9A1F4C8E6D00035222 /* Assets.xcassets in Resources */,
				8F1F3F981F4C8E6D00035222 /* Main.storyboard in Resources */,
			);
			runOnlyForDeploymentPostprocessing = 0;
		};
		8F1F3FA11F4C8E6D00035222 /* Resources */ = {
			isa = PBXResourcesBuildPhase;
			buildActionMask = 2147483647;
			files = (
			);
			runOnlyForDeploymentPostprocessing = 0;
		};
		8F1F3FAC1F4C8E6D00035222 /* Resources */ = {
			isa = PBXResourcesBuildPhase;
			buildActionMask = 2147483647;
			files = (
			);
			runOnlyForDeploymentPostprocessing = 0;
		};
/* End PBXResourcesBuildPhase section */

/* Begin PBXSourcesBuildPhase section */
		8F1F3F8B1F4C8E6D00035222 /* Sources */ = {
			isa = PBXSourcesBuildPhase;
			buildActionMask = 2147483647;
			files = (
				8F1F3F951F4C8E6D00035222 /* ViewController.swift in Sources */,
				8F1F3F931F4C8E6D00035222 /* AppDelegate.swift in Sources */,
			);
			runOnlyForDeploymentPostprocessing = 0;
		};
		8F1F3F9F1F4C8E6D00035222 /* Sources */ = {
			isa = PBXSourcesBuildPhase;
			buildActionMask = 2147483647;
			files = (
				8F1F3FA81F4C8E6D00035222 /* BlueMed_2_0Tests.swift in Sources */,
			);
			runOnlyForDeploymentPostprocessing = 0;
		};
		8F1F3FAA1F4C8E6D00035222 /* Sources */ = {
			isa = PBXSourcesBuildPhase;
			buildActionMask = 2147483647;
			files = (
				8F1F3FB31F4C8E6D00035222 /* BlueMed_2_0UITests.swift in Sources */,
			);
			runOnlyForDeploymentPostprocessing = 0;
		};
/* End PBXSourcesBuildPhase section */

/* Begin PBXTargetDependency section */
		8F1F3FA51F4C8E6D00035222 /* PBXTargetDependency */ = {
			isa = PBXTargetDependency;
			target = 8F1F3F8E1F4C8E6D00035222 /* BlueMed */;
			targetProxy = 8F1F3FA41F4C8E6D00035222 /* PBXContainerItemProxy */;
		};
		8F1F3FB01F4C8E6D00035222 /* PBXTargetDependency */ = {
			isa = PBXTargetDependency;
			target = 8F1F3F8E1F4C8E6D00035222 /* BlueMed */;
			targetProxy = 8F1F3FAF1F4C8E6D00035222 /* PBXContainerItemProxy */;
		};
/* End PBXTargetDependency section */

/* Begin PBXVariantGroup section */
		8F1F3F961F4C8E6D00035222 /* Main.storyboard */ = {
			isa = PBXVariantGroup;
			children = (
				8F1F3F971F4C8E6D00035222 /* Base */,
			);
			name = Main.storyboard;
			sourceTree = "<group>";
		};
		8F1F3F9B1F4C8E6D00035222 /* LaunchScreen.storyboard */ = {
			isa = PBXVariantGroup;
			children = (
				8F1F3F9C1F4C8E6D00035222 /* Base */,
			);
			name = LaunchScreen.storyboard;
			sourceTree = "<group>";
		};
/* End PBXVariantGroup section */

/* Begin XCBuildConfiguration section */
		8F1F3FB51F4C8E6D00035222 /* Debug */ = {
			isa = XCBuildConfiguration;
			buildSettings = {
				ALWAYS_SEARCH_USER_PATHS = NO;
				CLANG_ANALYZER_NONNULL = YES;
				CLANG_CXX_LANGUAGE_STANDARD = "gnu++0x";
				CLANG_CXX_LIBRARY = "libc++";
				CLANG_ENABLE_MODULES = YES;
				CLANG_ENABLE_OBJC_ARC = YES;
				CLANG_WARN_BOOL_CONVERSION = YES;
				CLANG_WARN_CONSTANT_CONVERSION = YES;
				CLANG_WARN_DIRECT_OBJC_ISA_USAGE = YES_ERROR;
				CLANG_WARN_DOCUMENTATION_COMMENTS = YES;
				CLANG_WARN_EMPTY_BODY = YES;
				CLANG_WARN_ENUM_CONVERSION = YES;
				CLANG_WARN_INFINITE_RECURSION = YES;
				CLANG_WARN_INT_CONVERSION = YES;
				CLANG_WARN_OBJC_ROOT_CLASS = YES_ERROR;
				CLANG_WARN_SUSPICIOUS_MOVE = YES;
				CLANG_WARN_UNREACHABLE_CODE = YES;
				CLANG_WARN__DUPLICATE_METHOD_MATCH = YES;
				"CODE_SIGN_IDENTITY[sdk=iphoneos*]" = "iPhone Developer";
				COPY_PHASE_STRIP = NO;
				DEBUG_INFORMATION_FORMAT = dwarf;
				ENABLE_STRICT_OBJC_MSGSEND = YES;
				ENABLE_TESTABILITY = YES;
				GCC_C_LANGUAGE_STANDARD = gnu99;
				GCC_DYNAMIC_NO_PIC = NO;
				GCC_NO_COMMON_BLOCKS = YES;
				GCC_OPTIMIZATION_LEVEL = 0;
				GCC_PREPROCESSOR_DEFINITIONS = (
					"DEBUG=1",
					"$(inherited)",
				);
				GCC_WARN_64_TO_32_BIT_CONVERSION = YES;
				GCC_WARN_ABOUT_RETURN_TYPE = YES_ERROR;
				GCC_WARN_UNDECLARED_SELECTOR = YES;
				GCC_WARN_UNINITIALIZED_AUTOS = YES_AGGRESSIVE;
				GCC_WARN_UNUSED_FUNCTION = YES;
				GCC_WARN_UNUSED_VARIABLE = YES;
				IPHONEOS_DEPLOYMENT_TARGET = 10.2;
				MTL_ENABLE_DEBUG_INFO = YES;
				ONLY_ACTIVE_ARCH = YES;
				SDKROOT = iphoneos;
				SWIFT_ACTIVE_COMPILATION_CONDITIONS = DEBUG;
				SWIFT_OPTIMIZATION_LEVEL = "-Onone";
				TARGETED_DEVICE_FAMILY = "1,2";
			};
			name = Debug;
		};
		8F1F3FB61F4C8E6D00035222 /* Release */ = {
			isa = XCBuildConfiguration;
			buildSettings = {
				ALWAYS_SEARCH_USER_PATHS = NO;
				CLANG_ANALYZER_NONNULL = YES;
				CLANG_CXX_LANGUAGE_STANDARD = "gnu++0x";
				CLANG_CXX_LIBRARY = "libc++";
				CLANG_ENABLE_MODULES = YES;
				CLANG_ENABLE_OBJC_ARC = YES;
				CLANG_WARN_BOOL_CONVERSION = YES;
				CLANG_WARN_CONSTANT_CONVERSION = YES;
				CLANG_WARN_DIRECT_OBJC_ISA_USAGE = YES_ERROR;
				CLANG_WARN_DOCUMENTATION_COMMENTS = YES;
				CLANG_WARN_EMPTY_BODY = YES;
				CLANG_WARN_ENUM_CONVERSION = YES;
				CLANG_WARN_INFINITE_RECURSION = YES;
				CLANG_WARN_INT_CONVERSION = YES;
				CLANG_WARN_OBJC_ROOT_CLASS = YES_ERROR;
				CLANG_WARN_SUSPICIOUS_MOVE = YES;
				CLANG_WARN_UNREACHABLE_CODE = YES;
				CLANG_WARN__DUPLICATE_METHOD_MATCH = YES;
				"CODE_SIGN_IDENTITY[sdk=iphoneos*]" = "iPhone Developer";
				COPY_PHASE_STRIP = NO;
				DEBUG_INFORMATION_FORMAT = "dwarf-with-dsym";
				ENABLE_NS_ASSERTIONS = NO;
				ENABLE_STRICT_OBJC_MSGSEND = YES;
				GCC_C_LANGUAGE_STANDARD = gnu99;
				GCC_NO_COMMON_BLOCKS = YES;
				GCC_WARN_64_TO_32_BIT_CONVERSION = YES;
				GCC_WARN_ABOUT_RETURN_TYPE = YES_ERROR;
				GCC_WARN_UNDECLARED_SELECTOR = YES;
				GCC_WARN_UNINITIALIZED_AUTOS = YES_AGGRESSIVE;
				GCC_WARN_UNUSED_FUNCTION = YES;
				GCC_WARN_UNUSED_VARIABLE = YES;
				IPHONEOS_DEPLOYMENT_TARGET = 10.2;
				MTL_ENABLE_DEBUG_INFO = NO;
				SDKROOT = iphoneos;
				SWIFT_OPTIMIZATION_LEVEL = "-Owholemodule";
				TARGETED_DEVICE_FAMILY = "1,2";
				VALIDATE_PRODUCT = YES;
			};
			name = Release;
		};
		8F1F3FB81F4C8E6D00035222 /* Debug */ = {
			isa = XCBuildConfiguration;
			buildSettings = {
				ASSETCATALOG_COMPILER_APPICON_NAME = AppIcon;
				CODE_SIGN_IDENTITY = "iPhone Developer";
				"CODE_SIGN_IDENTITY[sdk=iphoneos*]" = "iPhone Developer";
				DEVELOPMENT_TEAM = 45Z78R8HBU;
				INFOPLIST_FILE = BlueMed_2.0/Info.plist;
				IPHONEOS_DEPLOYMENT_TARGET = 10.3;
				LD_RUNPATH_SEARCH_PATHS = "$(inherited) @executable_path/Frameworks";
				PRODUCT_BUNDLE_IDENTIFIER = br.com.cibernetsolutions.BlueMed;
				PRODUCT_NAME = "$(TARGET_NAME)";
				PROVISIONING_PROFILE = "";
				PROVISIONING_PROFILE_SPECIFIER = "";
				SWIFT_VERSION = 3.0;
			};
			name = Debug;
		};
		8F1F3FB91F4C8E6D00035222 /* Release */ = {
			isa = XCBuildConfiguration;
			buildSettings = {
				ASSETCATALOG_COMPILER_APPICON_NAME = AppIcon;
				CODE_SIGN_IDENTITY = "iPhone Developer";
				"CODE_SIGN_IDENTITY[sdk=iphoneos*]" = "iPhone Developer";
				DEVELOPMENT_TEAM = 45Z78R8HBU;
				INFOPLIST_FILE = BlueMed_2.0/Info.plist;
				IPHONEOS_DEPLOYMENT_TARGET = 10.3;
				LD_RUNPATH_SEARCH_PATHS = "$(inherited) @executable_path/Frameworks";
				PRODUCT_BUNDLE_IDENTIFIER = br.com.cibernetsolutions.BlueMed;
				PRODUCT_NAME = "$(TARGET_NAME)";
				PROVISIONING_PROFILE = "";
				PROVISIONING_PROFILE_SPECIFIER = "";
				SWIFT_VERSION = 3.0;
			};
			name = Release;
		};
		8F1F3FBB1F4C8E6D00035222 /* Debug */ = {
			isa = XCBuildConfiguration;
			buildSettings = {
				ALWAYS_EMBED_SWIFT_STANDARD_LIBRARIES = YES;
				BUNDLE_LOADER = "$(TEST_HOST)";
				DEVELOPMENT_TEAM = LR8P7Y8WAY;
				INFOPLIST_FILE = BlueMed_2.0Tests/Info.plist;
				LD_RUNPATH_SEARCH_PATHS = "$(inherited) @executable_path/Frameworks @loader_path/Frameworks";
				PRODUCT_BUNDLE_IDENTIFIER = "br.com.cibernetsolutions.BlueMed-2-0Tests";
				PRODUCT_NAME = "$(TARGET_NAME)";
				SWIFT_VERSION = 3.0;
				TEST_HOST = "$(BUILT_PRODUCTS_DIR)/BlueMed.app/BlueMed";
			};
			name = Debug;
		};
		8F1F3FBC1F4C8E6D00035222 /* Release */ = {
			isa = XCBuildConfiguration;
			buildSettings = {
				ALWAYS_EMBED_SWIFT_STANDARD_LIBRARIES = YES;
				BUNDLE_LOADER = "$(TEST_HOST)";
				DEVELOPMENT_TEAM = LR8P7Y8WAY;
				INFOPLIST_FILE = BlueMed_2.0Tests/Info.plist;
				LD_RUNPATH_SEARCH_PATHS = "$(inherited) @executable_path/Frameworks @loader_path/Frameworks";
				PRODUCT_BUNDLE_IDENTIFIER = "br.com.cibernetsolutions.BlueMed-2-0Tests";
				PRODUCT_NAME = "$(TARGET_NAME)";
				SWIFT_VERSION = 3.0;
				TEST_HOST = "$(BUILT_PRODUCTS_DIR)/BlueMed.app/BlueMed";
			};
			name = Release;
		};
		8F1F3FBE1F4C8E6D00035222 /* Debug */ = {
			isa = XCBuildConfiguration;
			buildSettings = {
				ALWAYS_EMBED_SWIFT_STANDARD_LIBRARIES = YES;
				DEVELOPMENT_TEAM = LR8P7Y8WAY;
				INFOPLIST_FILE = BlueMed_2.0UITests/Info.plist;
				LD_RUNPATH_SEARCH_PATHS = "$(inherited) @executable_path/Frameworks @loader_path/Frameworks";
				PRODUCT_BUNDLE_IDENTIFIER = "br.com.cibernetsolutions.BlueMed-2-0UITests";
				PRODUCT_NAME = "$(TARGET_NAME)";
				SWIFT_VERSION = 3.0;
				TEST_TARGET_NAME = BlueMed_2.0;
			};
			name = Debug;
		};
		8F1F3FBF1F4C8E6D00035222 /* Release */ = {
			isa = XCBuildConfiguration;
			buildSettings = {
				ALWAYS_EMBED_SWIFT_STANDARD_LIBRARIES = YES;
				DEVELOPMENT_TEAM = LR8P7Y8WAY;
				INFOPLIST_FILE = BlueMed_2.0UITests/Info.plist;
				LD_RUNPATH_SEARCH_PATHS = "$(inherited) @executable_path/Frameworks @loader_path/Frameworks";
				PRODUCT_BUNDLE_IDENTIFIER = "br.com.cibernetsolutions.BlueMed-2-0UITests";
				PRODUCT_NAME = "$(TARGET_NAME)";
				SWIFT_VERSION = 3.0;
				TEST_TARGET_NAME = BlueMed_2.0;
			};
			name = Release;
		};
/* End XCBuildConfiguration section */

/* Begin XCConfigurationList section */
		8F1F3F8A1F4C8E6D00035222 /* Build configuration list for PBXProject "BlueMed" */ = {
			isa = XCConfigurationList;
			buildConfigurations = (
				8F1F3FB51F4C8E6D00035222 /* Debug */,
				8F1F3FB61F4C8E6D00035222 /* Release */,
			);
			defaultConfigurationIsVisible = 0;
			defaultConfigurationName = Release;
		};
		8F1F3FB71F4C8E6D00035222 /* Build configuration list for PBXNativeTarget "BlueMed" */ = {
			isa = XCConfigurationList;
			buildConfigurations = (
				8F1F3FB81F4C8E6D00035222 /* Debug */,
				8F1F3FB91F4C8E6D00035222 /* Release */,
			);
			defaultConfigurationIsVisible = 0;
			defaultConfigurationName = Release;
		};
		8F1F3FBA1F4C8E6D00035222 /* Build configuration list for PBXNativeTarget "BlueMedTests" */ = {
			isa = XCConfigurationList;
			buildConfigurations = (
				8F1F3FBB1F4C8E6D00035222 /* Debug */,
				8F1F3FBC1F4C8E6D00035222 /* Release */,
			);
			defaultConfigurationIsVisible = 0;
			defaultConfigurationName = Release;
		};
		8F1F3FBD1F4C8E6D00035222 /* Build configuration list for PBXNativeTarget "BlueMedUITests" */ = {
			isa = XCConfigurationList;
			buildConfigurations = (
				8F1F3FBE1F4C8E6D00035222 /* Debug */,
				8F1F3FBF1F4C8E6D00035222 /* Release */,
			);
			defaultConfigurationIsVisible = 0;
			defaultConfigurationName = Release;
		};
/* End XCConfigurationList section */
	};
	rootObject = 8F1F3F871F4C8E6D00035222 /* Project object */;
}
